# Generated by pub
# See https://dart.dev/tools/pub/glossary#lockfile
packages:
  characters:
    dependency: transitive
    description:
      name: characters
      sha256: faf38497bda5ead2a8c7615f4f7939df04333478bf32e4173fcb06d428b5716b
      url: "https://pub.dev"
    source: hosted
    version: "1.4.1"
  collection:
    dependency: transitive
    description:
      name: collection
      sha256: "2f5709ae4d3d59dd8f7cd309b4e023046b57d8a6c82130785d2b0e5868084e76"
      url: "https://pub.dev"
    source: hosted
    version: "1.19.1"
  cupertino_icons:
    dependency: transitive
    description:
      name: cupertino_icons
      sha256: "41e005c33bd814be4d3096aff55b1908d419fde52ca656c8c47719ec745873cd"
      url: "https://pub.dev"
    source: hosted
    version: "1.0.9"
  cupertino_ui:
    dependency: "direct main"
    description:
      name: cupertino_ui
      sha256: "1fa3c6bf0925e96c7235ab4f1a6c701cc07e3c7abe13aa4e3d1219e651586615"
      url: "https://pub.dev"
    source: hosted
    version: "0.0.1"
  fluentui_system_icons:
    dependency: transitive
    description:
      name: fluentui_system_icons
      sha256: "1592ae32dae75fb66741ab2c0607bc6554ef086f1c457e27ef937fb4901d33da"
      url: "https://pub.dev"
    source: hosted
    version: "1.1.273"
  flutter:
    dependency: "direct main"
    description: flutter
    source: sdk
    version: "0.0.0"
  flutter_hooks:
    dependency: transitive
    description:
      name: flutter_hooks
      sha256: "6a126f703b89499818d73305e4ce1e3de33b4ae1c5512e3b8eab4b986f46774c"
      url: "https://pub.dev"
    source: hosted
    version: "0.18.6"
  flutter_web_plugins:
    dependency: transitive
    description: flutter
    source: sdk
    version: "0.0.0"
  go_router:
    dependency: "direct main"
    description:
      name: go_router
      sha256: "92d8cee7c57dff0a6c409c05597b460002434eccf7424a712283225b3962d03f"
      url: "https://pub.dev"
    source: hosted
    version: "17.2.3"
  logging:
    dependency: transitive
    description:
      name: logging
      sha256: c8245ada5f1717ed44271ed1c26b8ce85ca3228fd2ffdb75468ab01979309d61
      url: "https://pub.dev"
    source: hosted
    version: "1.3.0"
  material_color_utilities:
    dependency: transitive
    description:
      name: material_color_utilities
      sha256: "9c337007e82b1889149c82ed242ed1cb24a66044e30979c44912381e9be4c48b"
      url: "https://pub.dev"
    source: hosted
    version: "0.13.0"
  material_ui:
    dependency: "direct main"
    description:
      name: material_ui
      sha256: "47b4acbb50683230000996cedd2a5ea511c2106c818db8ee28155ba0f0e26063"
      url: "https://pub.dev"
    source: hosted
    version: "0.0.1"
  meta:
    dependency: transitive
    description:
      name: meta
      sha256: "1741988757a65eb6b36abe716829688cf01910bbf91c34354ff7ec1c3de2b349"
      url: "https://pub.dev"
    source: hosted
    version: "1.18.0"
  nested:
    dependency: transitive
    description:
      name: nested
      sha256: "03bac4c528c64c95c722ec99280375a6f2fc708eec17c7b3f07253b626cd2a20"
      url: "https://pub.dev"
    source: hosted
    version: "1.0.0"
  persistent_header_adaptive:
    dependency: "direct main"
    description:
      name: persistent_header_adaptive
      sha256: "33b25d36b47e6287cf2ac97555c3e44f09d319a5aa18dda965d756ada49c2201"
      url: "https://pub.dev"
    source: hosted
    version: "2.1.3"
  platform_adaptive_widgets:
    dependency: "direct main"
    description:
      path: ".."
      relative: true
    source: path
    version: "1.1.0"
  platform_icons:
    dependency: "direct main"
    description:
      name: platform_icons
      sha256: "57a48d4ae5e59d68da3837a847ca1b15639d119eb0213c403728956b4032859a"
      url: "https://pub.dev"
    source: hosted
    version: "0.1.1"
  pmvvm:
    dependency: "direct main"
    description:
      name: pmvvm
      sha256: "509f76d3679e821351f5683e4d499712b3009f04568b3803b3a4cdd3993bd567"
      url: "https://pub.dev"
    source: hosted
    version: "4.0.1"
  provider:
    dependency: transitive
    description:
      name: provider
      sha256: "4e82183fa20e5ca25703ead7e05de9e4cceed1fbd1eadc1ac3cb6f565a09f272"
      url: "https://pub.dev"
    source: hosted
    version: "6.1.5+1"
  simplewidgets_platform_helper_packages:
    dependency: transitive
    description:
      name: simplewidgets_platform_helper_packages
      sha256: c6fdcb1f72c3f4e51ce99096618af9dee87619c07d574af6c55328765c2d8a81
      url: "https://pub.dev"
    source: hosted
    version: "0.0.1"
  sky_engine:
    dependency: transitive
    description: flutter
    source: sdk
    version: "0.0.0"
  tint:
    dependency: transitive
    description:
      name: tint
      sha256: "9652d9a589f4536d5e392cf790263d120474f15da3cf1bee7f1fdb31b4de5f46"
      url: "https://pub.dev"
    source: hosted
    version: "2.0.1"
  vector_math:
    dependency: transitive
    description:
      name: vector_math
      sha256: d530bd74fea330e6e364cda7a85019c434070188383e1cd8d9777ee586914c5b
      url: "https://pub.dev"
    source: hosted
    version: "2.2.0"
sdks:
  dart: ">=3.12.0 <4.0.0"
  flutter: ">=3.44.0 <4.0.0"
